github.com/deliveroo/assert-go v1.0.5 h1:HPj7BfO3Z8I/gXXXjUnSFie7jZOP9qRhHATkCJQRls8=
github.com/deliveroo/assert-go v1.0.5/go.mod h1:v4ABdtZvnnX/QI0i6ED4fxxufdQovCDxKTsIOHsATNI=
github.com/google/go-cmp v0.2.0 h1:+dTQ8DZQJz0Mb/HjFlkptS1FeQ4cWSnN941F8aEG4SQ=
github.com/google/go-cmp v0.2.0/go.mod h1:oXzfMopK8JAjlY9xF4vHSVASa0yLyX7SntLO5aqRK0M=
github.com/hako/durafmt v0.0.0-20200710122514-c0fb7b4da026 h1:BpJ2o0OR5FV7vrkDYfXYVJQeMNWa8RhklZOpW2ITAIQ=
github.com/hako/durafmt v0.0.0-20200710122514-c0fb7b4da026/go.mod h1:5Scbynm8dF1XAPwIwkGPqzkM/shndPm79Jd1003hTjE=
github.com/oliveagle/jsonpath v0.0.0-20180606110733-2e52cf6e6852 h1:Yl0tPBa8QPjGmesFh1D0rDy+q1Twx6FyU7VWHi8wZbI=
github.com/oliveagle/jsonpath v0.0.0-20180606110733-2e52cf6e6852/go.mod h1:eqOVx5Vwu4gd2mmMZvVZsgIqNSaW3xxRThUJ0k/TPk4=
github.com/umahmood/haversine v0.0.0-20151105152445-808ab04add26 h1:UFHFmFfixpmfRBcxuu+LA9l8MdURWVdVNUHxO5n1d2w=
github.com/umahmood/haversine v0.0.0-20151105152445-808ab04add26/go.mod h1:IGhd0qMDsUa9acVjsbsT7bu3ktadtGOHI79+idTew/M=
